
Microsoft Visual Studio Solution File, Format Version 12.00
# Visual Studio Version 17
VisualStudioVersion = 17.8.34511.84
MinimumVisualStudioVersion = 10.0.40219.1
Project("{FAE04EC0-301F-11D3-BF4B-00C04F79EFBC}") = "WebApplication", "WebApplication\WebApplication.csproj", "{7194F8B8-461A-4CAE-B3D0-ABB6B2BED3EC}"
EndProject
Project("{FAE04EC0-301F-11D3-BF4B-00C04F79EFBC}") = "TestProject", "TestProject\TestProject.csproj", "{E460E1ED-72C5-41CA-AD97-192A62D7EC1D}"
EndProject
Project("{FAE04EC0-301F-11D3-BF4B-00C04F79EFBC}") = "ConsoleApp", "ConsoleApp\ConsoleApp.csproj", "{7EF219E0-2458-4649-866E-246C4F16C151}"
EndProject
Global
	GlobalSection(SolutionConfigurationPlatforms) = preSolution
		Debug|Any CPU = Debug|Any CPU
		Release|Any CPU = Release|Any CPU
	EndGlobalSection
	GlobalSection(ProjectConfigurationPlatforms) = postSolution
		{7194F8B8-461A-4CAE-B3D0-ABB6B2BED3EC}.Debug|Any CPU.ActiveCfg = Debug|Any CPU
		{7194F8B8-461A-4CAE-B3D0-ABB6B2BED3EC}.Debug|Any CPU.Build.0 = Debug|Any CPU
		{7194F8B8-461A-4CAE-B3D0-ABB6B2BED3EC}.Release|Any CPU.ActiveCfg = Release|Any CPU
		{7194F8B8-461A-4CAE-B3D0-ABB6B2BED3EC}.Release|Any CPU.Build.0 = Release|Any CPU
		{E460E1ED-72C5-41CA-AD97-192A62D7EC1D}.Debug|Any CPU.ActiveCfg = Debug|Any CPU
		{E460E1ED-72C5-41CA-AD97-192A62D7EC1D}.Debug|Any CPU.Build.0 = Debug|Any CPU
		{E460E1ED-72C5-41CA-AD97-192A62D7EC1D}.Release|Any CPU.ActiveCfg = Release|Any CPU
		{E460E1ED-72C5-41CA-AD97-192A62D7EC1D}.Release|Any CPU.Build.0 = Release|Any CPU
		{7EF219E0-2458-4649-866E-246C4F16C151}.Debug|Any CPU.ActiveCfg = Debug|Any CPU
		{7EF219E0-2458-4649-866E-246C4F16C151}.Debug|Any CPU.Build.0 = Debug|Any CPU
		{7EF219E0-2458-4649-866E-246C4F16C151}.Release|Any CPU.ActiveCfg = Release|Any CPU
		{7EF219E0-2458-4649-866E-246C4F16C151}.Release|Any CPU.Build.0 = Release|Any CPU
	EndGlobalSection
	GlobalSection(SolutionProperties) = preSolution
		HideSolutionNode = FALSE
	EndGlobalSection
	GlobalSection(ExtensibilityGlobals) = postSolution
		SolutionGuid = {E6C38393-50F1-437A-BD0B-E8EBE8050EB5}
	EndGlobalSection
EndGlobal
