
Microsoft Visual Studio Solution File, Format Version 12.00
# Visual Studio Version 17
VisualStudioVersion = 17.8.34408.163
MinimumVisualStudioVersion = 10.0.40219.1
Project("{FAE04EC0-301F-11D3-BF4B-00C04F79EFBC}") = "Api", "Api\Api.csproj", "{D66000FB-779E-4F68-ACEC-098A30E805AB}"
EndProject
Project("{FAE04EC0-301F-11D3-BF4B-00C04F79EFBC}") = "TestProject", "TestProject\TestProject.csproj", "{F0AB2FB2-A3BF-464B-9599-6097344748A7}"
EndProject
Project("{FAE04EC0-301F-11D3-BF4B-00C04F79EFBC}") = "ConsoleApp", "ConsoleApp\ConsoleApp.csproj", "{E41829FB-4405-4FC0-8A5D-DDF06F77F954}"
EndProject
Global
	GlobalSection(SolutionConfigurationPlatforms) = preSolution
		Debug|Any CPU = Debug|Any CPU
		Release|Any CPU = Release|Any CPU
	EndGlobalSection
	GlobalSection(ProjectConfigurationPlatforms) = postSolution
		{D66000FB-779E-4F68-ACEC-098A30E805AB}.Debug|Any CPU.ActiveCfg = Debug|Any CPU
		{D66000FB-779E-4F68-ACEC-098A30E805AB}.Debug|Any CPU.Build.0 = Debug|Any CPU
		{D66000FB-779E-4F68-ACEC-098A30E805AB}.Release|Any CPU.ActiveCfg = Release|Any CPU
		{D66000FB-779E-4F68-ACEC-098A30E805AB}.Release|Any CPU.Build.0 = Release|Any CPU
		{F0AB2FB2-A3BF-464B-9599-6097344748A7}.Debug|Any CPU.ActiveCfg = Debug|Any CPU
		{F0AB2FB2-A3BF-464B-9599-6097344748A7}.Debug|Any CPU.Build.0 = Debug|Any CPU
		{F0AB2FB2-A3BF-464B-9599-6097344748A7}.Release|Any CPU.ActiveCfg = Release|Any CPU
		{F0AB2FB2-A3BF-464B-9599-6097344748A7}.Release|Any CPU.Build.0 = Release|Any CPU
		{E41829FB-4405-4FC0-8A5D-DDF06F77F954}.Debug|Any CPU.ActiveCfg = Debug|Any CPU
		{E41829FB-4405-4FC0-8A5D-DDF06F77F954}.Debug|Any CPU.Build.0 = Debug|Any CPU
		{E41829FB-4405-4FC0-8A5D-DDF06F77F954}.Release|Any CPU.ActiveCfg = Release|Any CPU
		{E41829FB-4405-4FC0-8A5D-DDF06F77F954}.Release|Any CPU.Build.0 = Release|Any CPU
	EndGlobalSection
	GlobalSection(SolutionProperties) = preSolution
		HideSolutionNode = FALSE
	EndGlobalSection
	GlobalSection(ExtensibilityGlobals) = postSolution
		SolutionGuid = {3FEC9BB4-C51A-469C-8D76-5644027E93FE}
	EndGlobalSection
EndGlobal
